
Microsoft Visual Studio Solution File, Format Version 12.00
# Visual Studio Version 17
VisualStudioVersion = 17.4.33110.190
MinimumVisualStudioVersion = 10.0.40219.1
Project("{2150E333-8FDC-42A3-9474-1A3956D46DE8}") = "FrontEnd", "FrontEnd", "{72C66F4B-CE8B-461B-BBBE-6D093300BC80}"
EndProject
Project("{9A19103F-16F7-4668-BE54-9A1E7A4F7556}") = "Dhaba.Web", "Dhaba.Web\Dhaba.Web.csproj", "{7889D374-91F8-43E3-8A6D-DECAA6DFC88A}"
EndProject
Project("{9A19103F-16F7-4668-BE54-9A1E7A4F7556}") = "Dhaba.Services.ProductAPI", "Dhaba.Services.ProductAPI\Dhaba.Services.ProductAPI.csproj", "{95BBAC8C-0691-40C1-A011-A49FF4B97FD8}"
EndProject
Project("{2150E333-8FDC-42A3-9474-1A3956D46DE8}") = "Services", "Services", "{71401227-EBD3-4496-B2EE-15D26F13ECB6}"
EndProject
Project("{9A19103F-16F7-4668-BE54-9A1E7A4F7556}") = "Dhaba.Services.Identity", "Dhaba.Services.Identity\Dhaba.Services.Identity.csproj", "{9A06B97F-035B-444C-B501-C27D705C8385}"
EndProject
Project("{9A19103F-16F7-4668-BE54-9A1E7A4F7556}") = "Dhaba.Services.ShoppingCartAPI", "Dhaba.Services.ShoppingCartAPI\Dhaba.Services.ShoppingCartAPI.csproj", "{13FA44FF-9B78-42B4-9D6D-ED819D6F4BF7}"
EndProject
Project("{9A19103F-16F7-4668-BE54-9A1E7A4F7556}") = "Dhaba.Services.CouponAPI", "Dhaba.Services.CouponAPI\Dhaba.Services.CouponAPI.csproj", "{2B8DFA2A-0EF1-4F02-ACE3-15B5DDB1AA92}"
EndProject
Project("{2150E333-8FDC-42A3-9474-1A3956D46DE8}") = "Integration", "Integration", "{C86B9E9B-EBAB-4672-A00F-9685B7A280A6}"
EndProject
Project("{9A19103F-16F7-4668-BE54-9A1E7A4F7556}") = "Dhaba.MessageBus", "Dhaba.MessageBus\Dhaba.MessageBus.csproj", "{B16ACEA7-5AE5-4CDD-9E2D-71AC8B11298F}"
EndProject
Project("{9A19103F-16F7-4668-BE54-9A1E7A4F7556}") = "Dhaba.Services.OrderAPI", "Dhaba.Services.OrderAPI\Dhaba.Services.OrderAPI.csproj", "{AD3A3CF0-B1AA-447A-A5C4-DAA22352C5EC}"
EndProject
Project("{2150E333-8FDC-42A3-9474-1A3956D46DE8}") = "Payments", "Payments", "{75B79663-9AD0-4E0A-AF00-419503804661}"
EndProject
Project("{FAE04EC0-301F-11D3-BF4B-00C04F79EFBC}") = "PaymentProcessor", "PaymentProcessor\PaymentProcessor.csproj", "{52ACBCC3-3CBE-4FC4-B7BF-2ADC6CBBFE21}"
EndProject
Project("{FAE04EC0-301F-11D3-BF4B-00C04F79EFBC}") = "Dhaba.Services.PaymentAPI", "Dhaba.Services.PaymentAPI\Dhaba.Services.PaymentAPI.csproj", "{BBE827DF-50BF-421F-AAFB-5618378EFE4B}"
EndProject
Project("{FAE04EC0-301F-11D3-BF4B-00C04F79EFBC}") = "Dhaba.Services.Email", "Dhaba.Services.Email\Dhaba.Services.Email.csproj", "{A58C70B3-0A38-4F20-9F4E-6464157340E0}"
EndProject
Project("{2150E333-8FDC-42A3-9474-1A3956D46DE8}") = "Gateway", "Gateway", "{F62C2FC5-7CED-47FF-9EA5-22C89FC25A79}"
EndProject
Project("{FAE04EC0-301F-11D3-BF4B-00C04F79EFBC}") = "Dhaba.GatewaySolution", "Dhaba.GatewaySolution\Dhaba.GatewaySolution.csproj", "{57D7FDBF-0B98-456F-8C2D-B07A2708048F}"
EndProject
Global
	GlobalSection(SolutionConfigurationPlatforms) = preSolution
		Debug|Any CPU = Debug|Any CPU
		Release|Any CPU = Release|Any CPU
	EndGlobalSection
	GlobalSection(ProjectConfigurationPlatforms) = postSolution
		{7889D374-91F8-43E3-8A6D-DECAA6DFC88A}.Debug|Any CPU.ActiveCfg = Debug|Any CPU
		{7889D374-91F8-43E3-8A6D-DECAA6DFC88A}.Debug|Any CPU.Build.0 = Debug|Any CPU
		{7889D374-91F8-43E3-8A6D-DECAA6DFC88A}.Release|Any CPU.ActiveCfg = Release|Any CPU
		{7889D374-91F8-43E3-8A6D-DECAA6DFC88A}.Release|Any CPU.Build.0 = Release|Any CPU
		{95BBAC8C-0691-40C1-A011-A49FF4B97FD8}.Debug|Any CPU.ActiveCfg = Debug|Any CPU
		{95BBAC8C-0691-40C1-A011-A49FF4B97FD8}.Debug|Any CPU.Build.0 = Debug|Any CPU
		{95BBAC8C-0691-40C1-A011-A49FF4B97FD8}.Release|Any CPU.ActiveCfg = Release|Any CPU
		{95BBAC8C-0691-40C1-A011-A49FF4B97FD8}.Release|Any CPU.Build.0 = Release|Any CPU
		{9A06B97F-035B-444C-B501-C27D705C8385}.Debug|Any CPU.ActiveCfg = Debug|Any CPU
		{9A06B97F-035B-444C-B501-C27D705C8385}.Debug|Any CPU.Build.0 = Debug|Any CPU
		{9A06B97F-035B-444C-B501-C27D705C8385}.Release|Any CPU.ActiveCfg = Release|Any CPU
		{9A06B97F-035B-444C-B501-C27D705C8385}.Release|Any CPU.Build.0 = Release|Any CPU
		{13FA44FF-9B78-42B4-9D6D-ED819D6F4BF7}.Debug|Any CPU.ActiveCfg = Debug|Any CPU
		{13FA44FF-9B78-42B4-9D6D-ED819D6F4BF7}.Debug|Any CPU.Build.0 = Debug|Any CPU
		{13FA44FF-9B78-42B4-9D6D-ED819D6F4BF7}.Release|Any CPU.ActiveCfg = Release|Any CPU
		{13FA44FF-9B78-42B4-9D6D-ED819D6F4BF7}.Release|Any CPU.Build.0 = Release|Any CPU
		{2B8DFA2A-0EF1-4F02-ACE3-15B5DDB1AA92}.Debug|Any CPU.ActiveCfg = Debug|Any CPU
		{2B8DFA2A-0EF1-4F02-ACE3-15B5DDB1AA92}.Debug|Any CPU.Build.0 = Debug|Any CPU
		{2B8DFA2A-0EF1-4F02-ACE3-15B5DDB1AA92}.Release|Any CPU.ActiveCfg = Release|Any CPU
		{2B8DFA2A-0EF1-4F02-ACE3-15B5DDB1AA92}.Release|Any CPU.Build.0 = Release|Any CPU
		{B16ACEA7-5AE5-4CDD-9E2D-71AC8B11298F}.Debug|Any CPU.ActiveCfg = Debug|Any CPU
		{B16ACEA7-5AE5-4CDD-9E2D-71AC8B11298F}.Debug|Any CPU.Build.0 = Debug|Any CPU
		{B16ACEA7-5AE5-4CDD-9E2D-71AC8B11298F}.Release|Any CPU.ActiveCfg = Release|Any CPU
		{B16ACEA7-5AE5-4CDD-9E2D-71AC8B11298F}.Release|Any CPU.Build.0 = Release|Any CPU
		{AD3A3CF0-B1AA-447A-A5C4-DAA22352C5EC}.Debug|Any CPU.ActiveCfg = Debug|Any CPU
		{AD3A3CF0-B1AA-447A-A5C4-DAA22352C5EC}.Debug|Any CPU.Build.0 = Debug|Any CPU
		{AD3A3CF0-B1AA-447A-A5C4-DAA22352C5EC}.Release|Any CPU.ActiveCfg = Release|Any CPU
		{AD3A3CF0-B1AA-447A-A5C4-DAA22352C5EC}.Release|Any CPU.Build.0 = Release|Any CPU
		{52ACBCC3-3CBE-4FC4-B7BF-2ADC6CBBFE21}.Debug|Any CPU.ActiveCfg = Debug|Any CPU
		{52ACBCC3-3CBE-4FC4-B7BF-2ADC6CBBFE21}.Debug|Any CPU.Build.0 = Debug|Any CPU
		{52ACBCC3-3CBE-4FC4-B7BF-2ADC6CBBFE21}.Release|Any CPU.ActiveCfg = Release|Any CPU
		{52ACBCC3-3CBE-4FC4-B7BF-2ADC6CBBFE21}.Release|Any CPU.Build.0 = Release|Any CPU
		{BBE827DF-50BF-421F-AAFB-5618378EFE4B}.Debug|Any CPU.ActiveCfg = Debug|Any CPU
		{BBE827DF-50BF-421F-AAFB-5618378EFE4B}.Debug|Any CPU.Build.0 = Debug|Any CPU
		{BBE827DF-50BF-421F-AAFB-5618378EFE4B}.Release|Any CPU.ActiveCfg = Release|Any CPU
		{BBE827DF-50BF-421F-AAFB-5618378EFE4B}.Release|Any CPU.Build.0 = Release|Any CPU
		{A58C70B3-0A38-4F20-9F4E-6464157340E0}.Debug|Any CPU.ActiveCfg = Debug|Any CPU
		{A58C70B3-0A38-4F20-9F4E-6464157340E0}.Debug|Any CPU.Build.0 = Debug|Any CPU
		{A58C70B3-0A38-4F20-9F4E-6464157340E0}.Release|Any CPU.ActiveCfg = Release|Any CPU
		{A58C70B3-0A38-4F20-9F4E-6464157340E0}.Release|Any CPU.Build.0 = Release|Any CPU
		{57D7FDBF-0B98-456F-8C2D-B07A2708048F}.Debug|Any CPU.ActiveCfg = Debug|Any CPU
		{57D7FDBF-0B98-456F-8C2D-B07A2708048F}.Debug|Any CPU.Build.0 = Debug|Any CPU
		{57D7FDBF-0B98-456F-8C2D-B07A2708048F}.Release|Any CPU.ActiveCfg = Release|Any CPU
		{57D7FDBF-0B98-456F-8C2D-B07A2708048F}.Release|Any CPU.Build.0 = Release|Any CPU
	EndGlobalSection
	GlobalSection(SolutionProperties) = preSolution
		HideSolutionNode = FALSE
	EndGlobalSection
	GlobalSection(NestedProjects) = preSolution
		{7889D374-91F8-43E3-8A6D-DECAA6DFC88A} = {72C66F4B-CE8B-461B-BBBE-6D093300BC80}
		{95BBAC8C-0691-40C1-A011-A49FF4B97FD8} = {71401227-EBD3-4496-B2EE-15D26F13ECB6}
		{9A06B97F-035B-444C-B501-C27D705C8385} = {71401227-EBD3-4496-B2EE-15D26F13ECB6}
		{13FA44FF-9B78-42B4-9D6D-ED819D6F4BF7} = {71401227-EBD3-4496-B2EE-15D26F13ECB6}
		{2B8DFA2A-0EF1-4F02-ACE3-15B5DDB1AA92} = {71401227-EBD3-4496-B2EE-15D26F13ECB6}
		{B16ACEA7-5AE5-4CDD-9E2D-71AC8B11298F} = {C86B9E9B-EBAB-4672-A00F-9685B7A280A6}
		{AD3A3CF0-B1AA-447A-A5C4-DAA22352C5EC} = {71401227-EBD3-4496-B2EE-15D26F13ECB6}
		{52ACBCC3-3CBE-4FC4-B7BF-2ADC6CBBFE21} = {75B79663-9AD0-4E0A-AF00-419503804661}
		{BBE827DF-50BF-421F-AAFB-5618378EFE4B} = {71401227-EBD3-4496-B2EE-15D26F13ECB6}
		{A58C70B3-0A38-4F20-9F4E-6464157340E0} = {71401227-EBD3-4496-B2EE-15D26F13ECB6}
		{57D7FDBF-0B98-456F-8C2D-B07A2708048F} = {F62C2FC5-7CED-47FF-9EA5-22C89FC25A79}
	EndGlobalSection
	GlobalSection(ExtensibilityGlobals) = postSolution
		SolutionGuid = {5639A41F-6662-4BAB-9C29-091440EBE89F}
	EndGlobalSection
EndGlobal
